
Microsoft Visual Studio Solution File, Format Version 12.00
# Visual Studio Version 17
VisualStudioVersion = 17.1.32328.378
MinimumVisualStudioVersion = 10.0.40219.1
Project("{FAE04EC0-301F-11D3-BF4B-00C04F79EFBC}") = "Day16-01 Color Image Processing (Beta 1)", "Day16-01 Color Image Processing (Beta 1).csproj", "{C46042FB-318E-467A-8902-7E5B03B068E9}"
EndProject
Global
	GlobalSection(SolutionConfigurationPlatforms) = preSolution
		Debug|Any CPU = Debug|Any CPU
		Release|Any CPU = Release|Any CPU
	EndGlobalSection
	GlobalSection(ProjectConfigurationPlatforms) = postSolution
		{C46042FB-318E-467A-8902-7E5B03B068E9}.Debug|Any CPU.ActiveCfg = Debug|Any CPU
		{C46042FB-318E-467A-8902-7E5B03B068E9}.Debug|Any CPU.Build.0 = Debug|Any CPU
		{C46042FB-318E-467A-8902-7E5B03B068E9}.Release|Any CPU.ActiveCfg = Release|Any CPU
		{C46042FB-318E-467A-8902-7E5B03B068E9}.Release|Any CPU.Build.0 = Release|Any CPU
	EndGlobalSection
	GlobalSection(SolutionProperties) = preSolution
		HideSolutionNode = FALSE
	EndGlobalSection
	GlobalSection(ExtensibilityGlobals) = postSolution
		SolutionGuid = {DE9E1EFD-9F05-4A67-8C96-64FD3CB3F9C4}
	EndGlobalSection
EndGlobal
